
Microsoft Visual Studio Solution File, Format Version 12.00
# Visual Studio Version 17
VisualStudioVersion = 17.0.31903.59
MinimumVisualStudioVersion = 10.0.40219.1
Project("{FAE04EC0-301F-11D3-BF4B-00C04F79EFBC}") = "NewsFeedServer", "NewsFeedServer\NewsFeedServer.csproj", "{71E18E9A-89AC-4B84-B174-AAA149172B46}"
EndProject
Project("{FAE04EC0-301F-11D3-BF4B-00C04F79EFBC}") = "NewsFeedServer.Test", "NewsFeedServer.Test\NewsFeedServer.Test.csproj", "{F1AFA9C2-BD4A-477A-A15A-5F1E674D3172}"
EndProject
Global
	GlobalSection(SolutionConfigurationPlatforms) = preSolution
		Debug|Any CPU = Debug|Any CPU
		Release|Any CPU = Release|Any CPU
	EndGlobalSection
	GlobalSection(SolutionProperties) = preSolution
		HideSolutionNode = FALSE
	EndGlobalSection
	GlobalSection(ProjectConfigurationPlatforms) = postSolution
		{71E18E9A-89AC-4B84-B174-AAA149172B46}.Debug|Any CPU.ActiveCfg = Debug|Any CPU
		{71E18E9A-89AC-4B84-B174-AAA149172B46}.Debug|Any CPU.Build.0 = Debug|Any CPU
		{71E18E9A-89AC-4B84-B174-AAA149172B46}.Release|Any CPU.ActiveCfg = Release|Any CPU
		{71E18E9A-89AC-4B84-B174-AAA149172B46}.Release|Any CPU.Build.0 = Release|Any CPU
		{F1AFA9C2-BD4A-477A-A15A-5F1E674D3172}.Debug|Any CPU.ActiveCfg = Debug|Any CPU
		{F1AFA9C2-BD4A-477A-A15A-5F1E674D3172}.Debug|Any CPU.Build.0 = Debug|Any CPU
		{F1AFA9C2-BD4A-477A-A15A-5F1E674D3172}.Release|Any CPU.ActiveCfg = Release|Any CPU
		{F1AFA9C2-BD4A-477A-A15A-5F1E674D3172}.Release|Any CPU.Build.0 = Release|Any CPU
	EndGlobalSection
EndGlobal
